// !$*UTF8*$!
{
	archiveVersion = 1;
	classes = {
	};
	objectVersion = 46;
	objects = {

/* Begin PBXBuildFile section */
		96DF133720C44EFD00F8658B /* libhello.h in Headers */ = {isa = PBXBuildFile; fileRef = 96DF133620C44EFD00F8658B /* libhello.h */; };
		96DF133920C44EFD00F8658B /* libhello.mm in Sources */ = {isa = PBXBuildFile; fileRef = 96DF133820C44EFD00F8658B /* libhello.mm */; };
/* End PBXBuildFile section */

/* Begin PBXFileReference section */
		96DF133320C44EFD00F8658B /* libhello.dylib */ = {isa = PBXFileReference; explicitFileType = "compiled.mach-o.dylib"; includeInIndex = 0; path = libhello.dylib; sourceTree = BUILT_PRODUCTS_DIR; };
		96DF133620C44EFD00F8658B /* libhello.h */ = {isa = PBXFileReference; lastKnownFileType = sourcecode.c.h; path = libhello.h; sourceTree = "<group>"; };
		96DF133820C44EFD00F8658B /* libhello.mm */ = {isa = PBXFileReference; lastKnownFileType = sourcecode.cpp.objcpp; path = libhello.mm; sourceTree = "<group>"; };
/* End PBXFileReference section */

/* Begin PBXFrameworksBuildPhase section */
		96DF133020C44EFD00F8658B /* Frameworks */ = {
			isa = PBXFrameworksBuildPhase;
			buildActionMask = 2147483647;
			files = (
			);
			runOnlyForDeploymentPostprocessing = 0;
		};
/* End PBXFrameworksBuildPhase section */

/* Begin PBXGroup section */
		96DF132A20C44EFD00F8658B = {
			isa = PBXGroup;
			children = (
				96DF133520C44EFD00F8658B /* libhello */,
				96DF133420C44EFD00F8658B /* Products */,
			);
			sourceTree = "<group>";
		};
		96DF133420C44EFD00F8658B /* Products */ = {
			isa = PBXGroup;
			children = (
				96DF133320C44EFD00F8658B /* libhello.dylib */,
			);
			name = Products;
			sourceTree = "<group>";
		};
		96DF133520C44EFD00F8658B /* libhello */ = {
			isa = PBXGroup;
			children = (
				96DF133620C44EFD00F8658B /* libhello.h */,
				96DF133820C44EFD00F8658B /* libhello.mm */,
			);
			path = libhello;
			sourceTree = "<group>";
		};
/* End PBXGroup section */

/* Begin PBXHeadersBuildPhase section */
		96DF133120C44EFD00F8658B /* Headers */ = {
			isa = PBXHeadersBuildPhase;
			buildActionMask = 2147483647;
			files = (
				96DF133720C44EFD00F8658B /* libhello.h in Headers */,
			);
			runOnlyForDeploymentPostprocessing = 0;
		};
/* End PBXHeadersBuildPhase section */

/* Begin PBXNativeTarget section */
		96DF133220C44EFD00F8658B /* libhello */ = {
			isa = PBXNativeTarget;
			buildConfigurationList = 96DF133C20C44EFD00F8658B /* Build configuration list for PBXNativeTarget "libhello" */;
			buildPhases = (
				96DF132F20C44EFD00F8658B /* Sources */,
				96DF133020C44EFD00F8658B /* Frameworks */,
				96DF133120C44EFD00F8658B /* Headers */,
			);
			buildRules = (
			);
			dependencies = (
			);
			name = libhello;
			productName = libhello;
			productReference = 96DF133320C44EFD00F8658B /* libhello.dylib */;
			productType = "com.apple.product-type.library.dynamic";
		};
/* End PBXNativeTarget section */

/* Begin PBXProject section */
		96DF132B20C44EFD00F8658B /* Project object */ = {
			isa = PBXProject;
			attributes = {
				LastUpgradeCheck = 0730;
				ORGANIZATIONNAME = Dawlane;
				TargetAttributes = {
					96DF133220C44EFD00F8658B = {
						CreatedOnToolsVersion = 7.3;
					};
				};
			};
			buildConfigurationList = 96DF132E20C44EFD00F8658B /* Build configuration list for PBXProject "hello" */;
			compatibilityVersion = "Xcode 3.2";
			developmentRegion = English;
			hasScannedForEncodings = 0;
			knownRegions = (
				en,
			);
			mainGroup = 96DF132A20C44EFD00F8658B;
			productRefGroup = 96DF133420C44EFD00F8658B /* Products */;
			projectDirPath = "";
			projectRoot = "";
			targets = (
				96DF133220C44EFD00F8658B /* libhello */,
			);
		};
/* End PBXProject section */

/* Begin PBXSourcesBuildPhase section */
		96DF132F20C44EFD00F8658B /* Sources */ = {
			isa = PBXSourcesBuildPhase;
			buildActionMask = 2147483647;
			files = (
				96DF133920C44EFD00F8658B /* libhello.mm in Sources */,
			);
			runOnlyForDeploymentPostprocessing = 0;
		};
/* End PBXSourcesBuildPhase section */

/* Begin XCBuildConfiguration section */
		96DF133A20C44EFD00F8658B /* Debug */ = {
			isa = XCBuildConfiguration;
			buildSettings = {
				ALWAYS_SEARCH_USER_PATHS = NO;
				ARCHS = "$(ARCHS_STANDARD_32_64_BIT)";
				CLANG_ANALYZER_NONNULL = YES;
				CLANG_CXX_LANGUAGE_STANDARD = "gnu++0x";
				CLANG_CXX_LIBRARY = "libc++";
				CLANG_ENABLE_MODULES = YES;
				CLANG_ENABLE_OBJC_ARC = YES;
				CLANG_WARN_BOOL_CONVERSION = YES;
				CLANG_WARN_CONSTANT_CONVERSION = YES;
				CLANG_WARN_DIRECT_OBJC_ISA_USAGE = YES_ERROR;
				CLANG_WARN_EMPTY_BODY = YES;
				CLANG_WARN_ENUM_CONVERSION = YES;
				CLANG_WARN_INT_CONVERSION = YES;
				CLANG_WARN_OBJC_ROOT_CLASS = YES_ERROR;
				CLANG_WARN_UNREACHABLE_CODE = YES;
				CLANG_WARN__DUPLICATE_METHOD_MATCH = YES;
				CODE_SIGN_IDENTITY = "-";
				COPY_PHASE_STRIP = NO;
				DEBUG_INFORMATION_FORMAT = dwarf;
				ENABLE_STRICT_OBJC_MSGSEND = YES;
				ENABLE_TESTABILITY = YES;
				GCC_C_LANGUAGE_STANDARD = gnu99;
				GCC_DYNAMIC_NO_PIC = NO;
				GCC_NO_COMMON_BLOCKS = YES;
				GCC_OPTIMIZATION_LEVEL = 0;
				GCC_PREPROCESSOR_DEFINITIONS = (
					"DEBUG=1",
					"$(inherited)",
				);
				GCC_WARN_64_TO_32_BIT_CONVERSION = YES;
				GCC_WARN_ABOUT_RETURN_TYPE = YES_ERROR;
				GCC_WARN_UNDECLARED_SELECTOR = YES;
				GCC_WARN_UNINITIALIZED_AUTOS = YES_AGGRESSIVE;
				GCC_WARN_UNUSED_FUNCTION = YES;
				GCC_WARN_UNUSED_VARIABLE = YES;
				MACOSX_DEPLOYMENT_TARGET = 10.9;
				MTL_ENABLE_DEBUG_INFO = YES;
				ONLY_ACTIVE_ARCH = YES;
				SDKROOT = macosx;
			};
			name = Debug;
		};
		96DF133B20C44EFD00F8658B /* Release */ = {
			isa = XCBuildConfiguration;
			buildSettings = {
				ALWAYS_SEARCH_USER_PATHS = NO;
				ARCHS = "$(ARCHS_STANDARD_32_64_BIT)";
				CLANG_ANALYZER_NONNULL = YES;
				CLANG_CXX_LANGUAGE_STANDARD = "gnu++0x";
				CLANG_CXX_LIBRARY = "libc++";
				CLANG_ENABLE_MODULES = YES;
				CLANG_ENABLE_OBJC_ARC = YES;
				CLANG_WARN_BOOL_CONVERSION = YES;
				CLANG_WARN_CONSTANT_CONVERSION = YES;
				CLANG_WARN_DIRECT_OBJC_ISA_USAGE = YES_ERROR;
				CLANG_WARN_EMPTY_BODY = YES;
				CLANG_WARN_ENUM_CONVERSION = YES;
				CLANG_WARN_INT_CONVERSION = YES;
				CLANG_WARN_OBJC_ROOT_CLASS = YES_ERROR;
				CLANG_WARN_UNREACHABLE_CODE = YES;
				CLANG_WARN__DUPLICATE_METHOD_MATCH = YES;
				CODE_SIGN_IDENTITY = "-";
				COPY_PHASE_STRIP = NO;
				DEBUG_INFORMATION_FORMAT = "dwarf-with-dsym";
				ENABLE_NS_ASSERTIONS = NO;
				ENABLE_STRICT_OBJC_MSGSEND = YES;
				GCC_C_LANGUAGE_STANDARD = gnu99;
				GCC_NO_COMMON_BLOCKS = YES;
				GCC_WARN_64_TO_32_BIT_CONVERSION = YES;
				GCC_WARN_ABOUT_RETURN_TYPE = YES_ERROR;
				GCC_WARN_UNDECLARED_SELECTOR = YES;
				GCC_WARN_UNINITIALIZED_AUTOS = YES_AGGRESSIVE;
				GCC_WARN_UNUSED_FUNCTION = YES;
				GCC_WARN_UNUSED_VARIABLE = YES;
				MACOSX_DEPLOYMENT_TARGET = 10.9;
				MTL_ENABLE_DEBUG_INFO = NO;
				SDKROOT = macosx;
			};
			name = Release;
		};
		96DF133D20C44EFD00F8658B /* Debug */ = {
			isa = XCBuildConfiguration;
			buildSettings = {
				ARCHS = "$(ARCHS_STANDARD)";
				DYLIB_COMPATIBILITY_VERSION = 1;
				DYLIB_CURRENT_VERSION = 1;
				EXECUTABLE_PREFIX = lib;
				INSTALL_PATH = "@executable_path/../Frameworks/";
				PRODUCT_NAME = hello;
			};
			name = Debug;
		};
		96DF133E20C44EFD00F8658B /* Release */ = {
			isa = XCBuildConfiguration;
			buildSettings = {
				ARCHS = "$(ARCHS_STANDARD)";
				DYLIB_COMPATIBILITY_VERSION = 1;
				DYLIB_CURRENT_VERSION = 1;
				EXECUTABLE_PREFIX = lib;
				INSTALL_PATH = "@executable_path/../Frameworks/";
				PRODUCT_NAME = hello;
			};
			name = Release;
		};
/* End XCBuildConfiguration section */

/* Begin XCConfigurationList section */
		96DF132E20C44EFD00F8658B /* Build configuration list for PBXProject "hello" */ = {
			isa = XCConfigurationList;
			buildConfigurations = (
				96DF133A20C44EFD00F8658B /* Debug */,
				96DF133B20C44EFD00F8658B /* Release */,
			);
			defaultConfigurationIsVisible = 0;
			defaultConfigurationName = Release;
		};
		96DF133C20C44EFD00F8658B /* Build configuration list for PBXNativeTarget "libhello" */ = {
			isa = XCConfigurationList;
			buildConfigurations = (
				96DF133D20C44EFD00F8658B /* Debug */,
				96DF133E20C44EFD00F8658B /* Release */,
			);
			defaultConfigurationIsVisible = 0;
			defaultConfigurationName = Release;
		};
/* End XCConfigurationList section */
	};
	rootObject = 96DF132B20C44EFD00F8658B /* Project object */;
}
